{
  "version": 4,
  "terraform_version": "1.6.6",
  "serial": 1,
  "lineage": "4a7deca3-c7bb-1023-143c-a7557e081d9b",
  "outputs": {},
  "resources": [
    {
      "mode": "managed",
      "type": "openstack_networking_router_interface_v2",
      "name": "router_interface",
      "provider": "provider[\"registry.terraform.io/terraform-provider-openstack/openstack\"]",
      "instances": [
        {
          "schema_version": 0,
          "attributes": {
            "force_destroy": false,
            "id": "89b24e58-ee3f-4147-9c0d-71689e6346f4",
            "port_id": "89b24e58-ee3f-4147-9c0d-71689e6346f4",
            "region": "RegionOne",
            "router_id": "88ac7f14-c176-4d7c-88fe-f837f2312815",
            "subnet_id": "b4887a2e-c784-4668-b184-94c152125a55",
            "timeouts": null
          },
          "sensitive_attributes": [],
          "private": "eyJlMmJmYjczMC1lY2FhLTExZTYtOGY4OC0zNDM2M2JjN2M0YzAiOnsiY3JlYXRlIjo2MDAwMDAwMDAwMDAsImRlbGV0ZSI6NjAwMDAwMDAwMDAwfX0="
        }
      ]
    }
  ],
  "check_results": null
}
