{
  "version": 4,
  "terraform_version": "1.6.6",
  "serial": 12,
  "lineage": "5e797846-5601-fe74-ecea-c35b73780f32",
  "outputs": {},
  "resources": [
    {
      "mode": "managed",
      "type": "openstack_networking_floatingip_associate_v2",
      "name": "cluster_fip_assoc",
      "provider": "provider[\"registry.terraform.io/terraform-provider-openstack/openstack\"]",
      "instances": [
        {
          "index_key": 0,
          "schema_version": 0,
          "attributes": {
            "fixed_ip": "192.168.100.224",
            "floating_ip": "172.24.4.248",
            "id": "6190c415-097a-4175-bbf9-93e18194bffb",
            "port_id": "e5a8810c-bbe0-47db-bc3f-92a4ba79d6f8",
            "region": "RegionOne"
          },
          "sensitive_attributes": [],
          "private": "bnVsbA==",
          "dependencies": [
            "openstack_networking_floatingip_v2.cluster_floatingips",
            "openstack_networking_port_v2.cluster_ports"
          ]
        },
        {
          "index_key": 1,
          "schema_version": 0,
          "attributes": {
            "fixed_ip": "192.168.100.97",
            "floating_ip": "172.24.4.123",
            "id": "0a80b2b0-edee-4042-a916-9db2b4824e27",
            "port_id": "d10074b6-527f-45e6-8311-06aaa29f9d0d",
            "region": "RegionOne"
          },
          "sensitive_attributes": [],
          "private": "bnVsbA==",
          "dependencies": [
            "openstack_networking_floatingip_v2.cluster_floatingips",
            "openstack_networking_port_v2.cluster_ports"
          ]
        },
        {
          "index_key": 2,
          "schema_version": 0,
          "attributes": {
            "fixed_ip": "192.168.100.253",
            "floating_ip": "172.24.4.138",
            "id": "969b022d-7004-4415-b63e-79ee53364115",
            "port_id": "2043ed4b-ecd8-4bf7-b078-aecc0e09c22f",
            "region": "RegionOne"
          },
          "sensitive_attributes": [],
          "private": "bnVsbA==",
          "dependencies": [
            "openstack_networking_floatingip_v2.cluster_floatingips",
            "openstack_networking_port_v2.cluster_ports"
          ]
        }
      ]
    },
    {
      "mode": "managed",
      "type": "openstack_networking_floatingip_v2",
      "name": "cluster_floatingips",
      "provider": "provider[\"registry.terraform.io/terraform-provider-openstack/openstack\"]",
      "instances": [
        {
          "index_key": 0,
          "schema_version": 0,
          "attributes": {
            "address": "172.24.4.248",
            "all_tags": [],
            "description": "",
            "dns_domain": "",
            "dns_name": "",
            "fixed_ip": "",
            "id": "6190c415-097a-4175-bbf9-93e18194bffb",
            "pool": "public",
            "port_id": "",
            "region": "RegionOne",
            "subnet_id": null,
            "subnet_ids": null,
            "tags": [],
            "tenant_id": "ca776b9722044a2d84e645d3c98d3607",
            "timeouts": null,
            "value_specs": null
          },
          "sensitive_attributes": [],
          "private": "eyJlMmJmYjczMC1lY2FhLTExZTYtOGY4OC0zNDM2M2JjN2M0YzAiOnsiY3JlYXRlIjo2MDAwMDAwMDAwMDAsImRlbGV0ZSI6NjAwMDAwMDAwMDAwfX0="
        },
        {
          "index_key": 1,
          "schema_version": 0,
          "attributes": {
            "address": "172.24.4.123",
            "all_tags": [],
            "description": "",
            "dns_domain": "",
            "dns_name": "",
            "fixed_ip": "",
            "id": "0a80b2b0-edee-4042-a916-9db2b4824e27",
            "pool": "public",
            "port_id": "",
            "region": "RegionOne",
            "subnet_id": null,
            "subnet_ids": null,
            "tags": [],
            "tenant_id": "ca776b9722044a2d84e645d3c98d3607",
            "timeouts": null,
            "value_specs": null
          },
          "sensitive_attributes": [],
          "private": "eyJlMmJmYjczMC1lY2FhLTExZTYtOGY4OC0zNDM2M2JjN2M0YzAiOnsiY3JlYXRlIjo2MDAwMDAwMDAwMDAsImRlbGV0ZSI6NjAwMDAwMDAwMDAwfX0="
        },
        {
          "index_key": 2,
          "schema_version": 0,
          "attributes": {
            "address": "172.24.4.138",
            "all_tags": [],
            "description": "",
            "dns_domain": "",
            "dns_name": "",
            "fixed_ip": "",
            "id": "969b022d-7004-4415-b63e-79ee53364115",
            "pool": "public",
            "port_id": "",
            "region": "RegionOne",
            "subnet_id": null,
            "subnet_ids": null,
            "tags": [],
            "tenant_id": "ca776b9722044a2d84e645d3c98d3607",
            "timeouts": null,
            "value_specs": null
          },
          "sensitive_attributes": [],
          "private": "eyJlMmJmYjczMC1lY2FhLTExZTYtOGY4OC0zNDM2M2JjN2M0YzAiOnsiY3JlYXRlIjo2MDAwMDAwMDAwMDAsImRlbGV0ZSI6NjAwMDAwMDAwMDAwfX0="
        }
      ]
    },
    {
      "mode": "managed",
      "type": "openstack_networking_port_v2",
      "name": "cluster_ports",
      "provider": "provider[\"registry.terraform.io/terraform-provider-openstack/openstack\"]",
      "instances": [
        {
          "index_key": 0,
          "schema_version": 0,
          "attributes": {
            "admin_state_up": true,
            "all_fixed_ips": [
              "192.168.100.224"
            ],
            "all_security_group_ids": [
              "046d7466-6031-4ce7-84f5-0437c3cd3e08"
            ],
            "all_tags": [],
            "allowed_address_pairs": [],
            "binding": [
              {
                "host_id": "",
                "profile": "{}",
                "vif_details": {},
                "vif_type": "unbound",
                "vnic_type": "normal"
              }
            ],
            "description": "",
            "device_id": "",
            "device_owner": "",
            "dns_assignment": [],
            "dns_name": "",
            "extra_dhcp_option": [],
            "fixed_ip": [
              {
                "ip_address": "",
                "subnet_id": "b4887a2e-c784-4668-b184-94c152125a55"
              }
            ],
            "id": "e5a8810c-bbe0-47db-bc3f-92a4ba79d6f8",
            "mac_address": "fa:16:3e:ee:af:d0",
            "name": "k8s-cluster-port-1",
            "network_id": "dd9135fe-1ed3-4e0c-88a3-a14bb8fd9a42",
            "no_fixed_ip": null,
            "no_security_groups": null,
            "port_security_enabled": true,
            "qos_policy_id": "",
            "region": "RegionOne",
            "security_group_ids": [
              "046d7466-6031-4ce7-84f5-0437c3cd3e08"
            ],
            "tags": null,
            "tenant_id": "ca776b9722044a2d84e645d3c98d3607",
            "timeouts": null,
            "value_specs": null
          },
          "sensitive_attributes": [],
          "private": "eyJlMmJmYjczMC1lY2FhLTExZTYtOGY4OC0zNDM2M2JjN2M0YzAiOnsiY3JlYXRlIjo2MDAwMDAwMDAwMDAsImRlbGV0ZSI6NjAwMDAwMDAwMDAwfX0="
        },
        {
          "index_key": 1,
          "schema_version": 0,
          "attributes": {
            "admin_state_up": true,
            "all_fixed_ips": [
              "192.168.100.97"
            ],
            "all_security_group_ids": [
              "046d7466-6031-4ce7-84f5-0437c3cd3e08"
            ],
            "all_tags": [],
            "allowed_address_pairs": [],
            "binding": [
              {
                "host_id": "",
                "profile": "{}",
                "vif_details": {},
                "vif_type": "unbound",
                "vnic_type": "normal"
              }
            ],
            "description": "",
            "device_id": "",
            "device_owner": "",
            "dns_assignment": [],
            "dns_name": "",
            "extra_dhcp_option": [],
            "fixed_ip": [
              {
                "ip_address": "",
                "subnet_id": "b4887a2e-c784-4668-b184-94c152125a55"
              }
            ],
            "id": "d10074b6-527f-45e6-8311-06aaa29f9d0d",
            "mac_address": "fa:16:3e:92:fc:d5",
            "name": "k8s-cluster-port-2",
            "network_id": "dd9135fe-1ed3-4e0c-88a3-a14bb8fd9a42",
            "no_fixed_ip": null,
            "no_security_groups": null,
            "port_security_enabled": true,
            "qos_policy_id": "",
            "region": "RegionOne",
            "security_group_ids": [
              "046d7466-6031-4ce7-84f5-0437c3cd3e08"
            ],
            "tags": null,
            "tenant_id": "ca776b9722044a2d84e645d3c98d3607",
            "timeouts": null,
            "value_specs": null
          },
          "sensitive_attributes": [],
          "private": "eyJlMmJmYjczMC1lY2FhLTExZTYtOGY4OC0zNDM2M2JjN2M0YzAiOnsiY3JlYXRlIjo2MDAwMDAwMDAwMDAsImRlbGV0ZSI6NjAwMDAwMDAwMDAwfX0="
        },
        {
          "index_key": 2,
          "schema_version": 0,
          "attributes": {
            "admin_state_up": true,
            "all_fixed_ips": [
              "192.168.100.253"
            ],
            "all_security_group_ids": [
              "046d7466-6031-4ce7-84f5-0437c3cd3e08"
            ],
            "all_tags": [],
            "allowed_address_pairs": [],
            "binding": [
              {
                "host_id": "",
                "profile": "{}",
                "vif_details": {},
                "vif_type": "unbound",
                "vnic_type": "normal"
              }
            ],
            "description": "",
            "device_id": "",
            "device_owner": "",
            "dns_assignment": [],
            "dns_name": "",
            "extra_dhcp_option": [],
            "fixed_ip": [
              {
                "ip_address": "",
                "subnet_id": "b4887a2e-c784-4668-b184-94c152125a55"
              }
            ],
            "id": "2043ed4b-ecd8-4bf7-b078-aecc0e09c22f",
            "mac_address": "fa:16:3e:84:f5:00",
            "name": "k8s-cluster-port-3",
            "network_id": "dd9135fe-1ed3-4e0c-88a3-a14bb8fd9a42",
            "no_fixed_ip": null,
            "no_security_groups": null,
            "port_security_enabled": true,
            "qos_policy_id": "",
            "region": "RegionOne",
            "security_group_ids": [
              "046d7466-6031-4ce7-84f5-0437c3cd3e08"
            ],
            "tags": null,
            "tenant_id": "ca776b9722044a2d84e645d3c98d3607",
            "timeouts": null,
            "value_specs": null
          },
          "sensitive_attributes": [],
          "private": "eyJlMmJmYjczMC1lY2FhLTExZTYtOGY4OC0zNDM2M2JjN2M0YzAiOnsiY3JlYXRlIjo2MDAwMDAwMDAwMDAsImRlbGV0ZSI6NjAwMDAwMDAwMDAwfX0="
        }
      ]
    }
  ],
  "check_results": null
}
