{
  "version": 4,
  "terraform_version": "1.6.6",
  "serial": 1,
  "lineage": "6f58bbd8-1f15-c391-b623-1b0a8cb9ba9a",
  "outputs": {},
  "resources": [
    {
      "mode": "managed",
      "type": "openstack_networking_router_v2",
      "name": "k8s-router",
      "provider": "provider[\"registry.terraform.io/terraform-provider-openstack/openstack\"]",
      "instances": [
        {
          "schema_version": 0,
          "attributes": {
            "admin_state_up": true,
            "all_tags": [],
            "availability_zone_hints": [],
            "description": "",
            "distributed": false,
            "enable_snat": true,
            "external_fixed_ip": [
              {
                "ip_address": "172.24.4.118",
                "subnet_id": "5edb9e14-7abb-45ee-9a2f-81d0de3cb1bf"
              },
              {
                "ip_address": "2001:db8::345",
                "subnet_id": "5721f356-a986-4c9f-b0c1-e6a3fa10423d"
              }
            ],
            "external_gateway": "5e29e491-c02f-43b7-a69d-ac7540c80377",
            "external_network_id": "5e29e491-c02f-43b7-a69d-ac7540c80377",
            "external_subnet_ids": null,
            "id": "88e9704a-6a7a-4fb6-ab51-2f04d13dc54b",
            "name": "k8s-router",
            "region": "RegionOne",
            "tags": null,
            "tenant_id": "1a0069aade4e40deb5faf5182f8a4221",
            "timeouts": null,
            "value_specs": null,
            "vendor_options": []
          },
          "sensitive_attributes": [],
          "private": "eyJlMmJmYjczMC1lY2FhLTExZTYtOGY4OC0zNDM2M2JjN2M0YzAiOnsiY3JlYXRlIjo2MDAwMDAwMDAwMDAsImRlbGV0ZSI6NjAwMDAwMDAwMDAwfX0="
        }
      ]
    }
  ],
  "check_results": null
}
