{
  "version": 4,
  "terraform_version": "1.6.6",
  "serial": 1,
  "lineage": "4d5be78b-9f53-ccff-2d12-b86072da65ec",
  "outputs": {},
  "resources": [
    {
      "mode": "managed",
      "type": "openstack_networking_router_interface_v2",
      "name": "router_interface",
      "provider": "provider[\"registry.terraform.io/terraform-provider-openstack/openstack\"]",
      "instances": [
        {
          "schema_version": 0,
          "attributes": {
            "force_destroy": false,
            "id": "b77aa874-4833-49f3-abde-93ec6314a55b",
            "port_id": "b77aa874-4833-49f3-abde-93ec6314a55b",
            "region": "RegionOne",
            "router_id": "c24197ff-01bd-4328-adbc-895baef9c2c7",
            "subnet_id": "805d80a7-ba9b-40d1-8250-5f2ea3fb23ce",
            "timeouts": null
          },
          "sensitive_attributes": [],
          "private": "eyJlMmJmYjczMC1lY2FhLTExZTYtOGY4OC0zNDM2M2JjN2M0YzAiOnsiY3JlYXRlIjo2MDAwMDAwMDAwMDAsImRlbGV0ZSI6NjAwMDAwMDAwMDAwfX0="
        }
      ]
    }
  ],
  "check_results": null
}
