{
  "version": 4,
  "terraform_version": "1.6.6",
  "serial": 9,
  "lineage": "9de55d54-3f9e-2ce0-459b-af97743c6e6a",
  "outputs": {},
  "resources": [
    {
      "mode": "managed",
      "type": "openstack_networking_floatingip_associate_v2",
      "name": "master-fip_assoc",
      "provider": "provider[\"registry.terraform.io/terraform-provider-openstack/openstack\"]",
      "instances": [
        {
          "schema_version": 0,
          "attributes": {
            "fixed_ip": "192.168.100.192",
            "floating_ip": "172.24.4.243",
            "id": "30dfe0b3-270b-4aed-b637-7db394b0452a",
            "port_id": "828d53ce-3f4f-4bd0-a9e1-7da807ed785f",
            "region": "RegionOne"
          },
          "sensitive_attributes": [],
          "private": "bnVsbA==",
          "dependencies": [
            "openstack_networking_floatingip_v2.master-fip"
          ]
        }
      ]
    },
    {
      "mode": "managed",
      "type": "openstack_networking_floatingip_v2",
      "name": "master-fip",
      "provider": "provider[\"registry.terraform.io/terraform-provider-openstack/openstack\"]",
      "instances": [
        {
          "schema_version": 0,
          "attributes": {
            "address": "172.24.4.243",
            "all_tags": [],
            "description": "",
            "dns_domain": "",
            "dns_name": "",
            "fixed_ip": "",
            "id": "30dfe0b3-270b-4aed-b637-7db394b0452a",
            "pool": "public",
            "port_id": "",
            "region": "RegionOne",
            "subnet_id": null,
            "subnet_ids": null,
            "tags": null,
            "tenant_id": "ca776b9722044a2d84e645d3c98d3607",
            "timeouts": null,
            "value_specs": null
          },
          "sensitive_attributes": [],
          "private": "eyJlMmJmYjczMC1lY2FhLTExZTYtOGY4OC0zNDM2M2JjN2M0YzAiOnsiY3JlYXRlIjo2MDAwMDAwMDAwMDAsImRlbGV0ZSI6NjAwMDAwMDAwMDAwfX0="
        }
      ]
    }
  ],
  "check_results": null
}
