{
  "version": 4,
  "terraform_version": "1.6.6",
  "serial": 1,
  "lineage": "b37162c2-2d2d-536b-0c12-a609f3c7d363",
  "outputs": {},
  "resources": [
    {
      "mode": "managed",
      "type": "openstack_networking_router_interface_v2",
      "name": "router_interface",
      "provider": "provider[\"registry.terraform.io/terraform-provider-openstack/openstack\"]",
      "instances": [
        {
          "schema_version": 0,
          "attributes": {
            "force_destroy": false,
            "id": "08548f1d-6e42-4dfe-9cf8-832e95b03802",
            "port_id": "08548f1d-6e42-4dfe-9cf8-832e95b03802",
            "region": "RegionOne",
            "router_id": "88e9704a-6a7a-4fb6-ab51-2f04d13dc54b",
            "subnet_id": "e313f315-3138-4d77-b04b-caf379aaf23f",
            "timeouts": null
          },
          "sensitive_attributes": [],
          "private": "eyJlMmJmYjczMC1lY2FhLTExZTYtOGY4OC0zNDM2M2JjN2M0YzAiOnsiY3JlYXRlIjo2MDAwMDAwMDAwMDAsImRlbGV0ZSI6NjAwMDAwMDAwMDAwfX0="
        }
      ]
    }
  ],
  "check_results": null
}
